
Microsoft Visual Studio Solution File, Format Version 12.00
# Visual Studio Version 16
VisualStudioVersion = 16.0.32901.82
MinimumVisualStudioVersion = 10.0.40219.1
Project("{FAE04EC0-301F-11D3-BF4B-00C04F79EFBC}") = "Tema3_FormularioStackPanel", "Tema3_FormularioStackPanel\Tema3_FormularioStackPanel.csproj", "{7236BB66-89C5-4CAC-BFC4-B65D350C7EF6}"
EndProject
Global
	GlobalSection(SolutionConfigurationPlatforms) = preSolution
		Debug|Any CPU = Debug|Any CPU
		Release|Any CPU = Release|Any CPU
	EndGlobalSection
	GlobalSection(ProjectConfigurationPlatforms) = postSolution
		{7236BB66-89C5-4CAC-BFC4-B65D350C7EF6}.Debug|Any CPU.ActiveCfg = Debug|Any CPU
		{7236BB66-89C5-4CAC-BFC4-B65D350C7EF6}.Debug|Any CPU.Build.0 = Debug|Any CPU
		{7236BB66-89C5-4CAC-BFC4-B65D350C7EF6}.Release|Any CPU.ActiveCfg = Release|Any CPU
		{7236BB66-89C5-4CAC-BFC4-B65D350C7EF6}.Release|Any CPU.Build.0 = Release|Any CPU
	EndGlobalSection
	GlobalSection(SolutionProperties) = preSolution
		HideSolutionNode = FALSE
	EndGlobalSection
	GlobalSection(ExtensibilityGlobals) = postSolution
		SolutionGuid = {3CAEE878-A637-4B81-A870-B8205E076AD0}
	EndGlobalSection
EndGlobal
